
Microsoft Visual Studio Solution File, Format Version 12.00
# Visual Studio Version 16
VisualStudioVersion = 16.0.33529.622
MinimumVisualStudioVersion = 10.0.40219.1
Project("{FAE04EC0-301F-11D3-BF4B-00C04F79EFBC}") = "MoveSpeedCap+", "MoveSpeedCap+.csproj", "{78546F5D-6D40-44FF-B56E-9664D4F9888E}"
EndProject
Global
	GlobalSection(SolutionConfigurationPlatforms) = preSolution
		Debug|Any CPU = Debug|Any CPU
		Release|Any CPU = Release|Any CPU
	EndGlobalSection
	GlobalSection(ProjectConfigurationPlatforms) = postSolution
		{78546F5D-6D40-44FF-B56E-9664D4F9888E}.Debug|Any CPU.ActiveCfg = Debug|Any CPU
		{78546F5D-6D40-44FF-B56E-9664D4F9888E}.Debug|Any CPU.Build.0 = Debug|Any CPU
		{78546F5D-6D40-44FF-B56E-9664D4F9888E}.Release|Any CPU.ActiveCfg = Release|Any CPU
		{78546F5D-6D40-44FF-B56E-9664D4F9888E}.Release|Any CPU.Build.0 = Release|Any CPU
	EndGlobalSection
	GlobalSection(SolutionProperties) = preSolution
		HideSolutionNode = FALSE
	EndGlobalSection
	GlobalSection(ExtensibilityGlobals) = postSolution
		SolutionGuid = {7221B1E4-2E3C-4E2C-9400-2640A0488D92}
	EndGlobalSection
EndGlobal
